# THIS IS AN AUTOGENERATED FILE. DO NOT EDIT THIS FILE DIRECTLY.
# yarn lockfile v1


"@socket.io/component-emitter@~3.0.0":
  version "3.0.0"
  resolved "https://registry.npmjs.org/@socket.io/component-emitter/-/component-emitter-3.0.0.tgz"

axios@^0.24.0:
  version "0.24.0"
  resolved "https://registry.npmjs.org/axios/-/axios-0.24.0.tgz"
  dependencies:
    follow-redirects "^1.14.4"

backo2@~1.0.2:
  version "1.0.2"
  resolved "https://registry.npmjs.org/backo2/-/backo2-1.0.2.tgz"

base64-arraybuffer@~1.0.1:
  version "1.0.1"
  resolved "https://registry.npmjs.org/base64-arraybuffer/-/base64-arraybuffer-1.0.1.tgz"

bluebird@^3.5.0:
  version "3.7.2"
  resolved "https://registry.npmjs.org/bluebird/-/bluebird-3.7.2.tgz"

boolbase@^1.0.0:
  version "1.0.0"
  resolved "https://registry.npmjs.org/boolbase/-/boolbase-1.0.0.tgz"

cheerio-select@^1.5.0:
  version "1.5.0"
  resolved "https://registry.npmjs.org/cheerio-select/-/cheerio-select-1.5.0.tgz"
  dependencies:
    css-select "^4.1.3"
    css-what "^5.0.1"
    domelementtype "^2.2.0"
    domhandler "^4.2.0"
    domutils "^2.7.0"

cheerio@^1.0.0-rc.10:
  version "1.0.0-rc.10"
  resolved "https://registry.npmjs.org/cheerio/-/cheerio-1.0.0-rc.10.tgz"
  dependencies:
    cheerio-select "^1.5.0"
    dom-serializer "^1.3.2"
    domhandler "^4.2.0"
    htmlparser2 "^6.1.0"
    parse5 "^6.0.1"
    parse5-htmlparser2-tree-adapter "^6.0.1"
    tslib "^2.2.0"

css-select@^4.1.3:
  version "4.1.3"
  resolved "https://registry.npmjs.org/css-select/-/css-select-4.1.3.tgz"
  dependencies:
    boolbase "^1.0.0"
    css-what "^5.0.0"
    domhandler "^4.2.0"
    domutils "^2.6.0"
    nth-check "^2.0.0"

css-what@^5.0.0, css-what@^5.0.1:
  version "5.0.1"
  resolved "https://registry.npmjs.org/css-what/-/css-what-5.0.1.tgz"

data-uri-to-buffer@^4.0.0:
  version "4.0.0"
  resolved "https://registry.yarnpkg.com/data-uri-to-buffer/-/data-uri-to-buffer-4.0.0.tgz#b5db46aea50f6176428ac05b73be39a57701a64b"

debug@~4.3.1, debug@~4.3.2:
  version "4.3.2"
  resolved "https://registry.npmjs.org/debug/-/debug-4.3.2.tgz"
  dependencies:
    ms "2.1.2"

dom-serializer@^1.0.1, dom-serializer@^1.3.2:
  version "1.3.2"
  resolved "https://registry.npmjs.org/dom-serializer/-/dom-serializer-1.3.2.tgz"
  dependencies:
    domelementtype "^2.0.1"
    domhandler "^4.2.0"
    entities "^2.0.0"

domelementtype@^2.0.1, domelementtype@^2.2.0:
  version "2.2.0"
  resolved "https://registry.npmjs.org/domelementtype/-/domelementtype-2.2.0.tgz"

domhandler@^4.0.0, domhandler@^4.2.0:
  version "4.2.0"
  resolved "https://registry.npmjs.org/domhandler/-/domhandler-4.2.0.tgz"
  dependencies:
    domelementtype "^2.2.0"

domutils@^2.5.2, domutils@^2.6.0, domutils@^2.7.0:
  version "2.7.0"
  resolved "https://registry.npmjs.org/domutils/-/domutils-2.7.0.tgz"
  dependencies:
    dom-serializer "^1.0.1"
    domelementtype "^2.2.0"
    domhandler "^4.2.0"

engine.io-client@~6.0.1:
  version "6.0.2"
  resolved "https://registry.npmjs.org/engine.io-client/-/engine.io-client-6.0.2.tgz"
  dependencies:
    "@socket.io/component-emitter" "~3.0.0"
    debug "~4.3.1"
    engine.io-parser "~5.0.0"
    has-cors "1.1.0"
    parseqs "0.0.6"
    parseuri "0.0.6"
    ws "~8.2.3"
    xmlhttprequest-ssl "~2.0.0"
    yeast "0.1.2"

engine.io-parser@~5.0.0:
  version "5.0.1"
  resolved "https://registry.npmjs.org/engine.io-parser/-/engine.io-parser-5.0.1.tgz"
  dependencies:
    base64-arraybuffer "~1.0.1"

entities@^2.0.0:
  version "2.2.0"
  resolved "https://registry.npmjs.org/entities/-/entities-2.2.0.tgz"

fetch-blob@^3.1.2, fetch-blob@^3.1.3:
  version "3.1.4"
  resolved "https://registry.yarnpkg.com/fetch-blob/-/fetch-blob-3.1.4.tgz#e8c6567f80ad7fc22fd302e7dcb72bafde9c1717"
  dependencies:
    node-domexception "^1.0.0"
    web-streams-polyfill "^3.0.3"

follow-redirects@^1.14.4:
  version "1.14.6"
  resolved "https://registry.npmjs.org/follow-redirects/-/follow-redirects-1.14.6.tgz"

formdata-polyfill@^4.0.10:
  version "4.0.10"
  resolved "https://registry.yarnpkg.com/formdata-polyfill/-/formdata-polyfill-4.0.10.tgz#24807c31c9d402e002ab3d8c720144ceb8848423"
  dependencies:
    fetch-blob "^3.1.2"

has-cors@1.1.0:
  version "1.1.0"
  resolved "https://registry.npmjs.org/has-cors/-/has-cors-1.1.0.tgz"

htmlparser2@^6.1.0:
  version "6.1.0"
  resolved "https://registry.npmjs.org/htmlparser2/-/htmlparser2-6.1.0.tgz"
  dependencies:
    domelementtype "^2.0.1"
    domhandler "^4.0.0"
    domutils "^2.5.2"
    entities "^2.0.0"

lodash@^4.17.19:
  version "4.17.21"
  resolved "https://registry.npmjs.org/lodash/-/lodash-4.17.21.tgz"

ms@2.1.2:
  version "2.1.2"
  resolved "https://registry.npmjs.org/ms/-/ms-2.1.2.tgz"

node-domexception@^1.0.0:
  version "1.0.0"
  resolved "https://registry.yarnpkg.com/node-domexception/-/node-domexception-1.0.0.tgz#6888db46a1f71c0b76b3f7555016b63fe64766e5"

node-fetch@^3.1.1:
  version "3.1.1"
  resolved "https://registry.yarnpkg.com/node-fetch/-/node-fetch-3.1.1.tgz#d0d9607e455b3087e3092b821b5b1f1ebf4c2147"
  dependencies:
    data-uri-to-buffer "^4.0.0"
    fetch-blob "^3.1.3"
    formdata-polyfill "^4.0.10"

nth-check@^2.0.0:
  version "2.0.0"
  resolved "https://registry.npmjs.org/nth-check/-/nth-check-2.0.0.tgz"
  dependencies:
    boolbase "^1.0.0"

parse5-htmlparser2-tree-adapter@^6.0.1:
  version "6.0.1"
  resolved "https://registry.npmjs.org/parse5-htmlparser2-tree-adapter/-/parse5-htmlparser2-tree-adapter-6.0.1.tgz"
  dependencies:
    parse5 "^6.0.1"

parse5@^6.0.1:
  version "6.0.1"
  resolved "https://registry.npmjs.org/parse5/-/parse5-6.0.1.tgz"

parseqs@0.0.6:
  version "0.0.6"
  resolved "https://registry.npmjs.org/parseqs/-/parseqs-0.0.6.tgz"

parseuri@0.0.6:
  version "0.0.6"
  resolved "https://registry.npmjs.org/parseuri/-/parseuri-0.0.6.tgz"

psl@^1.1.28:
  version "1.8.0"
  resolved "https://registry.npmjs.org/psl/-/psl-1.8.0.tgz"

punycode@^2.1.1:
  version "2.1.1"
  resolved "https://registry.npmjs.org/punycode/-/punycode-2.1.1.tgz"

request-promise-core@1.1.4:
  version "1.1.4"
  resolved "https://registry.npmjs.org/request-promise-core/-/request-promise-core-1.1.4.tgz"
  dependencies:
    lodash "^4.17.19"

request-promise@^4.2.6:
  version "4.2.6"
  resolved "https://registry.npmjs.org/request-promise/-/request-promise-4.2.6.tgz"
  dependencies:
    bluebird "^3.5.0"
    request-promise-core "1.1.4"
    stealthy-require "^1.1.1"
    tough-cookie "^2.3.3"

socket.io-client@^4.3.2:
  version "4.3.2"
  resolved "https://registry.npmjs.org/socket.io-client/-/socket.io-client-4.3.2.tgz"
  dependencies:
    "@socket.io/component-emitter" "~3.0.0"
    backo2 "~1.0.2"
    debug "~4.3.2"
    engine.io-client "~6.0.1"
    parseuri "0.0.6"
    socket.io-parser "~4.1.1"

socket.io-parser@~4.1.1:
  version "4.1.1"
  resolved "https://registry.npmjs.org/socket.io-parser/-/socket.io-parser-4.1.1.tgz"
  dependencies:
    "@socket.io/component-emitter" "~3.0.0"
    debug "~4.3.1"

stealthy-require@^1.1.1:
  version "1.1.1"
  resolved "https://registry.npmjs.org/stealthy-require/-/stealthy-require-1.1.1.tgz"

tough-cookie@^2.3.3:
  version "2.5.0"
  resolved "https://registry.npmjs.org/tough-cookie/-/tough-cookie-2.5.0.tgz"
  dependencies:
    psl "^1.1.28"
    punycode "^2.1.1"

tslib@^2.2.0:
  version "2.3.1"
  resolved "https://registry.npmjs.org/tslib/-/tslib-2.3.1.tgz"

web-streams-polyfill@^3.0.3:
  version "3.2.0"
  resolved "https://registry.yarnpkg.com/web-streams-polyfill/-/web-streams-polyfill-3.2.0.tgz#a6b74026b38e4885869fb5c589e90b95ccfc7965"

ws@~8.2.3:
  version "8.2.3"
  resolved "https://registry.npmjs.org/ws/-/ws-8.2.3.tgz"

xmlhttprequest-ssl@~2.0.0:
  version "2.0.0"
  resolved "https://registry.npmjs.org/xmlhttprequest-ssl/-/xmlhttprequest-ssl-2.0.0.tgz"

yeast@0.1.2:
  version "0.1.2"
  resolved "https://registry.npmjs.org/yeast/-/yeast-0.1.2.tgz"
